// !$*UTF8*$!
{
	archiveVersion = 1;
	classes = {
	};
	objectVersion = 46;
	objects = {

/* Begin PBXBuildFile section */
		6B49AA941CE312BD00D6FBB5 /* Resources.bundle in Resources */ = {isa = PBXBuildFile; fileRef = 6B49AA901CE312BD00D6FBB5 /* Resources.bundle */; };
		6BE0CE691CE3123A007BB6A6 /* main.m in Sources */ = {isa = PBXBuildFile; fileRef = 6BE0CE681CE3123A007BB6A6 /* main.m */; };
		6BE0CE6C1CE3123A007BB6A6 /* AppDelegate.m in Sources */ = {isa = PBXBuildFile; fileRef = 6BE0CE6B1CE3123A007BB6A6 /* AppDelegate.m */; };
		6BE0CE6F1CE3123A007BB6A6 /* ViewController.m in Sources */ = {isa = PBXBuildFile; fileRef = 6BE0CE6E1CE3123A007BB6A6 /* ViewController.m */; };
		6BE0CE721CE3123A007BB6A6 /* Main.storyboard in Resources */ = {isa = PBXBuildFile; fileRef = 6BE0CE701CE3123A007BB6A6 /* Main.storyboard */; };
		6BE0CE741CE3123A007BB6A6 /* Assets.xcassets in Resources */ = {isa = PBXBuildFile; fileRef = 6BE0CE731CE3123A007BB6A6 /* Assets.xcassets */; };
		6BE0CE771CE3123A007BB6A6 /* LaunchScreen.storyboard in Resources */ = {isa = PBXBuildFile; fileRef = 6BE0CE751CE3123A007BB6A6 /* LaunchScreen.storyboard */; };
		C019C79A1D41B6DE00C7F9FD /* ASJTag.m in Sources */ = {isa = PBXBuildFile; fileRef = C019C7961D41B6DE00C7F9FD /* ASJTag.m */; };
		C019C79B1D41B6DE00C7F9FD /* ASJTag.xib in Resources */ = {isa = PBXBuildFile; fileRef = C019C7971D41B6DE00C7F9FD /* ASJTag.xib */; };
		C019C79C1D41B6DE00C7F9FD /* ASJTagsView.m in Sources */ = {isa = PBXBuildFile; fileRef = C019C7991D41B6DE00C7F9FD /* ASJTagsView.m */; };
/* End PBXBuildFile section */

/* Begin PBXFileReference section */
		6B49AA901CE312BD00D6FBB5 /* Resources.bundle */ = {isa = PBXFileReference; lastKnownFileType = "wrapper.plug-in"; path = Resources.bundle; sourceTree = "<group>"; };
		6BE0CE641CE3123A007BB6A6 /* ASJTagsViewExample.app */ = {isa = PBXFileReference; explicitFileType = wrapper.application; includeInIndex = 0; path = ASJTagsViewExample.app; sourceTree = BUILT_PRODUCTS_DIR; };
		6BE0CE681CE3123A007BB6A6 /* main.m */ = {isa = PBXFileReference; lastKnownFileType = sourcecode.c.objc; path = main.m; sourceTree = "<group>"; };
		6BE0CE6A1CE3123A007BB6A6 /* AppDelegate.h */ = {isa = PBXFileReference; lastKnownFileType = sourcecode.c.h; path = AppDelegate.h; sourceTree = "<group>"; };
		6BE0CE6B1CE3123A007BB6A6 /* AppDelegate.m */ = {isa = PBXFileReference; lastKnownFileType = sourcecode.c.objc; path = AppDelegate.m; sourceTree = "<group>"; };
		6BE0CE6D1CE3123A007BB6A6 /* ViewController.h */ = {isa = PBXFileReference; lastKnownFileType = sourcecode.c.h; path = ViewController.h; sourceTree = "<group>"; };
		6BE0CE6E1CE3123A007BB6A6 /* ViewController.m */ = {isa = PBXFileReference; lastKnownFileType = sourcecode.c.objc; path = ViewController.m; sourceTree = "<group>"; };
		6BE0CE711CE3123A007BB6A6 /* Base */ = {isa = PBXFileReference; lastKnownFileType = file.storyboard; name = Base; path = Base.lproj/Main.storyboard; sourceTree = "<group>"; };
		6BE0CE731CE3123A007BB6A6 /* Assets.xcassets */ = {isa = PBXFileReference; lastKnownFileType = folder.assetcatalog; path = Assets.xcassets; sourceTree = "<group>"; };
		6BE0CE761CE3123A007BB6A6 /* Base */ = {isa = PBXFileReference; lastKnownFileType = file.storyboard; name = Base; path = Base.lproj/LaunchScreen.storyboard; sourceTree = "<group>"; };
		6BE0CE781CE3123A007BB6A6 /* Info.plist */ = {isa = PBXFileReference; lastKnownFileType = text.plist.xml; path = Info.plist; sourceTree = "<group>"; };
		C019C7951D41B6DE00C7F9FD /* ASJTag.h */ = {isa = PBXFileReference; fileEncoding = 4; lastKnownFileType = sourcecode.c.h; path = ASJTag.h; sourceTree = "<group>"; };
		C019C7961D41B6DE00C7F9FD /* ASJTag.m */ = {isa = PBXFileReference; fileEncoding = 4; lastKnownFileType = sourcecode.c.objc; path = ASJTag.m; sourceTree = "<group>"; };
		C019C7971D41B6DE00C7F9FD /* ASJTag.xib */ = {isa = PBXFileReference; fileEncoding = 4; lastKnownFileType = file.xib; path = ASJTag.xib; sourceTree = "<group>"; };
		C019C7981D41B6DE00C7F9FD /* ASJTagsView.h */ = {isa = PBXFileReference; fileEncoding = 4; lastKnownFileType = sourcecode.c.h; path = ASJTagsView.h; sourceTree = "<group>"; };
		C019C7991D41B6DE00C7F9FD /* ASJTagsView.m */ = {isa = PBXFileReference; fileEncoding = 4; lastKnownFileType = sourcecode.c.objc; path = ASJTagsView.m; sourceTree = "<group>"; };
/* End PBXFileReference section */

/* Begin PBXFrameworksBuildPhase section */
		6BE0CE611CE3123A007BB6A6 /* Frameworks */ = {
			isa = PBXFrameworksBuildPhase;
			buildActionMask = 2147483647;
			files = (
			);
			runOnlyForDeploymentPostprocessing = 0;
		};
/* End PBXFrameworksBuildPhase section */

/* Begin PBXGroup section */
		6B49AA8A1CE312BD00D6FBB5 /* ASJTagsView */ = {
			isa = PBXGroup;
			children = (
				C019C7951D41B6DE00C7F9FD /* ASJTag.h */,
				C019C7961D41B6DE00C7F9FD /* ASJTag.m */,
				C019C7971D41B6DE00C7F9FD /* ASJTag.xib */,
				C019C7981D41B6DE00C7F9FD /* ASJTagsView.h */,
				C019C7991D41B6DE00C7F9FD /* ASJTagsView.m */,
				6B49AA901CE312BD00D6FBB5 /* Resources.bundle */,
			);
			name = ASJTagsView;
			path = ../../ASJTagsView;
			sourceTree = "<group>";
		};
		6BE0CE5B1CE3123A007BB6A6 = {
			isa = PBXGroup;
			children = (
				6BE0CE661CE3123A007BB6A6 /* ASJTagsViewExample */,
				6BE0CE651CE3123A007BB6A6 /* Products */,
			);
			sourceTree = "<group>";
		};
		6BE0CE651CE3123A007BB6A6 /* Products */ = {
			isa = PBXGroup;
			children = (
				6BE0CE641CE3123A007BB6A6 /* ASJTagsViewExample.app */,
			);
			name = Products;
			sourceTree = "<group>";
		};
		6BE0CE661CE3123A007BB6A6 /* ASJTagsViewExample */ = {
			isa = PBXGroup;
			children = (
				6B49AA8A1CE312BD00D6FBB5 /* ASJTagsView */,
				6BE0CE6A1CE3123A007BB6A6 /* AppDelegate.h */,
				6BE0CE6B1CE3123A007BB6A6 /* AppDelegate.m */,
				6BE0CE6D1CE3123A007BB6A6 /* ViewController.h */,
				6BE0CE6E1CE3123A007BB6A6 /* ViewController.m */,
				6BE0CE701CE3123A007BB6A6 /* Main.storyboard */,
				6BE0CE731CE3123A007BB6A6 /* Assets.xcassets */,
				6BE0CE751CE3123A007BB6A6 /* LaunchScreen.storyboard */,
				6BE0CE781CE3123A007BB6A6 /* Info.plist */,
				6BE0CE671CE3123A007BB6A6 /* Supporting Files */,
			);
			path = ASJTagsViewExample;
			sourceTree = "<group>";
		};
		6BE0CE671CE3123A007BB6A6 /* Supporting Files */ = {
			isa = PBXGroup;
			children = (
				6BE0CE681CE3123A007BB6A6 /* main.m */,
			);
			name = "Supporting Files";
			sourceTree = "<group>";
		};
/* End PBXGroup section */

/* Begin PBXNativeTarget section */
		6BE0CE631CE3123A007BB6A6 /* ASJTagsViewExample */ = {
			isa = PBXNativeTarget;
			buildConfigurationList = 6BE0CE7B1CE3123A007BB6A6 /* Build configuration list for PBXNativeTarget "ASJTagsViewExample" */;
			buildPhases = (
				6BE0CE601CE3123A007BB6A6 /* Sources */,
				6BE0CE611CE3123A007BB6A6 /* Frameworks */,
				6BE0CE621CE3123A007BB6A6 /* Resources */,
			);
			buildRules = (
			);
			dependencies = (
			);
			name = ASJTagsViewExample;
			productName = ASJTagsViewExample;
			productReference = 6BE0CE641CE3123A007BB6A6 /* ASJTagsViewExample.app */;
			productType = "com.apple.product-type.application";
		};
/* End PBXNativeTarget section */

/* Begin PBXProject section */
		6BE0CE5C1CE3123A007BB6A6 /* Project object */ = {
			isa = PBXProject;
			attributes = {
				LastUpgradeCheck = 0720;
				ORGANIZATIONNAME = sudeep;
				TargetAttributes = {
					6BE0CE631CE3123A007BB6A6 = {
						CreatedOnToolsVersion = 7.2;
					};
				};
			};
			buildConfigurationList = 6BE0CE5F1CE3123A007BB6A6 /* Build configuration list for PBXProject "ASJTagsViewExample" */;
			compatibilityVersion = "Xcode 3.2";
			developmentRegion = English;
			hasScannedForEncodings = 0;
			knownRegions = (
				en,
				Base,
			);
			mainGroup = 6BE0CE5B1CE3123A007BB6A6;
			productRefGroup = 6BE0CE651CE3123A007BB6A6 /* Products */;
			projectDirPath = "";
			projectRoot = "";
			targets = (
				6BE0CE631CE3123A007BB6A6 /* ASJTagsViewExample */,
			);
		};
/* End PBXProject section */

/* Begin PBXResourcesBuildPhase section */
		6BE0CE621CE3123A007BB6A6 /* Resources */ = {
			isa = PBXResourcesBuildPhase;
			buildActionMask = 2147483647;
			files = (
				6B49AA941CE312BD00D6FBB5 /* Resources.bundle in Resources */,
				6BE0CE771CE3123A007BB6A6 /* LaunchScreen.storyboard in Resources */,
				6BE0CE741CE3123A007BB6A6 /* Assets.xcassets in Resources */,
				6BE0CE721CE3123A007BB6A6 /* Main.storyboard in Resources */,
				C019C79B1D41B6DE00C7F9FD /* ASJTag.xib in Resources */,
			);
			runOnlyForDeploymentPostprocessing = 0;
		};
/* End PBXResourcesBuildPhase section */

/* Begin PBXSourcesBuildPhase section */
		6BE0CE601CE3123A007BB6A6 /* Sources */ = {
			isa = PBXSourcesBuildPhase;
			buildActionMask = 2147483647;
			files = (
				6BE0CE6F1CE3123A007BB6A6 /* ViewController.m in Sources */,
				C019C79C1D41B6DE00C7F9FD /* ASJTagsView.m in Sources */,
				6BE0CE6C1CE3123A007BB6A6 /* AppDelegate.m in Sources */,
				6BE0CE691CE3123A007BB6A6 /* main.m in Sources */,
				C019C79A1D41B6DE00C7F9FD /* ASJTag.m in Sources */,
			);
			runOnlyForDeploymentPostprocessing = 0;
		};
/* End PBXSourcesBuildPhase section */

/* Begin PBXVariantGroup section */
		6BE0CE701CE3123A007BB6A6 /* Main.storyboard */ = {
			isa = PBXVariantGroup;
			children = (
				6BE0CE711CE3123A007BB6A6 /* Base */,
			);
			name = Main.storyboard;
			sourceTree = "<group>";
		};
		6BE0CE751CE3123A007BB6A6 /* LaunchScreen.storyboard */ = {
			isa = PBXVariantGroup;
			children = (
				6BE0CE761CE3123A007BB6A6 /* Base */,
			);
			name = LaunchScreen.storyboard;
			sourceTree = "<group>";
		};
/* End PBXVariantGroup section */

/* Begin XCBuildConfiguration section */
		6BE0CE791CE3123A007BB6A6 /* Debug */ = {
			isa = XCBuildConfiguration;
			buildSettings = {
				ALWAYS_SEARCH_USER_PATHS = NO;
				CLANG_CXX_LANGUAGE_STANDARD = "gnu++0x";
				CLANG_CXX_LIBRARY = "libc++";
				CLANG_ENABLE_MODULES = YES;
				CLANG_ENABLE_OBJC_ARC = YES;
				CLANG_WARN_BOOL_CONVERSION = YES;
				CLANG_WARN_CONSTANT_CONVERSION = YES;
				CLANG_WARN_DIRECT_OBJC_ISA_USAGE = YES_ERROR;
				CLANG_WARN_EMPTY_BODY = YES;
				CLANG_WARN_ENUM_CONVERSION = YES;
				CLANG_WARN_INT_CONVERSION = YES;
				CLANG_WARN_OBJC_ROOT_CLASS = YES_ERROR;
				CLANG_WARN_UNREACHABLE_CODE = YES;
				CLANG_WARN__DUPLICATE_METHOD_MATCH = YES;
				"CODE_SIGN_IDENTITY[sdk=iphoneos*]" = "iPhone Developer";
				COPY_PHASE_STRIP = NO;
				DEBUG_INFORMATION_FORMAT = dwarf;
				ENABLE_STRICT_OBJC_MSGSEND = YES;
				ENABLE_TESTABILITY = YES;
				GCC_C_LANGUAGE_STANDARD = gnu99;
				GCC_DYNAMIC_NO_PIC = NO;
				GCC_NO_COMMON_BLOCKS = YES;
				GCC_OPTIMIZATION_LEVEL = 0;
				GCC_PREPROCESSOR_DEFINITIONS = (
					"DEBUG=1",
					"$(inherited)",
				);
				GCC_WARN_64_TO_32_BIT_CONVERSION = YES;
				GCC_WARN_ABOUT_RETURN_TYPE = YES_ERROR;
				GCC_WARN_UNDECLARED_SELECTOR = YES;
				GCC_WARN_UNINITIALIZED_AUTOS = YES_AGGRESSIVE;
				GCC_WARN_UNUSED_FUNCTION = YES;
				GCC_WARN_UNUSED_VARIABLE = YES;
				IPHONEOS_DEPLOYMENT_TARGET = 9.2;
				MTL_ENABLE_DEBUG_INFO = YES;
				ONLY_ACTIVE_ARCH = YES;
				SDKROOT = iphoneos;
			};
			name = Debug;
		};
		6BE0CE7A1CE3123A007BB6A6 /* Release */ = {
			isa = XCBuildConfiguration;
			buildSettings = {
				ALWAYS_SEARCH_USER_PATHS = NO;
				CLANG_CXX_LANGUAGE_STANDARD = "gnu++0x";
				CLANG_CXX_LIBRARY = "libc++";
				CLANG_ENABLE_MODULES = YES;
				CLANG_ENABLE_OBJC_ARC = YES;
				CLANG_WARN_BOOL_CONVERSION = YES;
				CLANG_WARN_CONSTANT_CONVERSION = YES;
				CLANG_WARN_DIRECT_OBJC_ISA_USAGE = YES_ERROR;
				CLANG_WARN_EMPTY_BODY = YES;
				CLANG_WARN_ENUM_CONVERSION = YES;
				CLANG_WARN_INT_CONVERSION = YES;
				CLANG_WARN_OBJC_ROOT_CLASS = YES_ERROR;
				CLANG_WARN_UNREACHABLE_CODE = YES;
				CLANG_WARN__DUPLICATE_METHOD_MATCH = YES;
				"CODE_SIGN_IDENTITY[sdk=iphoneos*]" = "iPhone Developer";
				COPY_PHASE_STRIP = NO;
				DEBUG_INFORMATION_FORMAT = "dwarf-with-dsym";
				ENABLE_NS_ASSERTIONS = NO;
				ENABLE_STRICT_OBJC_MSGSEND = YES;
				GCC_C_LANGUAGE_STANDARD = gnu99;
				GCC_NO_COMMON_BLOCKS = YES;
				GCC_WARN_64_TO_32_BIT_CONVERSION = YES;
				GCC_WARN_ABOUT_RETURN_TYPE = YES_ERROR;
				GCC_WARN_UNDECLARED_SELECTOR = YES;
				GCC_WARN_UNINITIALIZED_AUTOS = YES_AGGRESSIVE;
				GCC_WARN_UNUSED_FUNCTION = YES;
				GCC_WARN_UNUSED_VARIABLE = YES;
				IPHONEOS_DEPLOYMENT_TARGET = 9.2;
				MTL_ENABLE_DEBUG_INFO = NO;
				SDKROOT = iphoneos;
				VALIDATE_PRODUCT = YES;
			};
			name = Release;
		};
		6BE0CE7C1CE3123A007BB6A6 /* Debug */ = {
			isa = XCBuildConfiguration;
			buildSettings = {
				ASSETCATALOG_COMPILER_APPICON_NAME = AppIcon;
				INFOPLIST_FILE = ASJTagsViewExample/Info.plist;
				LD_RUNPATH_SEARCH_PATHS = "$(inherited) @executable_path/Frameworks";
				PRODUCT_BUNDLE_IDENTIFIER = com.sudeep.ASJTagsViewExample;
				PRODUCT_NAME = "$(TARGET_NAME)";
			};
			name = Debug;
		};
		6BE0CE7D1CE3123A007BB6A6 /* Release */ = {
			isa = XCBuildConfiguration;
			buildSettings = {
				ASSETCATALOG_COMPILER_APPICON_NAME = AppIcon;
				INFOPLIST_FILE = ASJTagsViewExample/Info.plist;
				LD_RUNPATH_SEARCH_PATHS = "$(inherited) @executable_path/Frameworks";
				PRODUCT_BUNDLE_IDENTIFIER = com.sudeep.ASJTagsViewExample;
				PRODUCT_NAME = "$(TARGET_NAME)";
			};
			name = Release;
		};
/* End XCBuildConfiguration section */

/* Begin XCConfigurationList section */
		6BE0CE5F1CE3123A007BB6A6 /* Build configuration list for PBXProject "ASJTagsViewExample" */ = {
			isa = XCConfigurationList;
			buildConfigurations = (
				6BE0CE791CE3123A007BB6A6 /* Debug */,
				6BE0CE7A1CE3123A007BB6A6 /* Release */,
			);
			defaultConfigurationIsVisible = 0;
			defaultConfigurationName = Release;
		};
		6BE0CE7B1CE3123A007BB6A6 /* Build configuration list for PBXNativeTarget "ASJTagsViewExample" */ = {
			isa = XCConfigurationList;
			buildConfigurations = (
				6BE0CE7C1CE3123A007BB6A6 /* Debug */,
				6BE0CE7D1CE3123A007BB6A6 /* Release */,
			);
			defaultConfigurationIsVisible = 0;
			defaultConfigurationName = Release;
		};
/* End XCConfigurationList section */
	};
	rootObject = 6BE0CE5C1CE3123A007BB6A6 /* Project object */;
}
